// !$*UTF8*$!
{
	archiveVersion = 1;
	classes = {
	};
	objectVersion = 46;
	objects = {

/* Begin PBXBuildFile section */
		7810E3CE19DD39FC0063F62C /* AppDelegate.swift in Sources */ = {isa = PBXBuildFile; fileRef = 7810E3CD19DD39FC0063F62C /* AppDelegate.swift */; };
		7810E3D019DD39FC0063F62C /* ViewController.swift in Sources */ = {isa = PBXBuildFile; fileRef = 7810E3CF19DD39FC0063F62C /* ViewController.swift */; };
		7810E3D319DD39FC0063F62C /* Main.storyboard in Resources */ = {isa = PBXBuildFile; fileRef = 7810E3D119DD39FC0063F62C /* Main.storyboard */; };
		7810E3D519DD39FC0063F62C /* Images.xcassets in Resources */ = {isa = PBXBuildFile; fileRef = 7810E3D419DD39FC0063F62C /* Images.xcassets */; };
		7810E3D819DD39FC0063F62C /* LaunchScreen.xib in Resources */ = {isa = PBXBuildFile; fileRef = 7810E3D619DD39FC0063F62C /* LaunchScreen.xib */; };
		7810E3E419DD39FC0063F62C /* HelloSwiftTests.swift in Sources */ = {isa = PBXBuildFile; fileRef = 7810E3E319DD39FC0063F62C /* HelloSwiftTests.swift */; };
/* End PBXBuildFile section */

/* Begin PBXContainerItemProxy section */
		7810E3DE19DD39FC0063F62C /* PBXContainerItemProxy */ = {
			isa = PBXContainerItemProxy;
			containerPortal = 7810E3C019DD39FC0063F62C /* Project object */;
			proxyType = 1;
			remoteGlobalIDString = 7810E3C719DD39FC0063F62C;
			remoteInfo = HelloSwift;
		};
/* End PBXContainerItemProxy section */

/* Begin PBXFileReference section */
		7810E3C819DD39FC0063F62C /* HelloSwift.app */ = {isa = PBXFileReference; explicitFileType = wrapper.application; includeInIndex = 0; path = HelloSwift.app; sourceTree = BUILT_PRODUCTS_DIR; };
		7810E3CC19DD39FC0063F62C /* Info.plist */ = {isa = PBXFileReference; lastKnownFileType = text.plist.xml; path = Info.plist; sourceTree = "<group>"; };
		7810E3CD19DD39FC0063F62C /* AppDelegate.swift */ = {isa = PBXFileReference; lastKnownFileType = sourcecode.swift; path = AppDelegate.swift; sourceTree = "<group>"; };
		7810E3CF19DD39FC0063F62C /* ViewController.swift */ = {isa = PBXFileReference; lastKnownFileType = sourcecode.swift; path = ViewController.swift; sourceTree = "<group>"; };
		7810E3D219DD39FC0063F62C /* Base */ = {isa = PBXFileReference; lastKnownFileType = file.storyboard; name = Base; path = Base.lproj/Main.storyboard; sourceTree = "<group>"; };
		7810E3D419DD39FC0063F62C /* Images.xcassets */ = {isa = PBXFileReference; lastKnownFileType = folder.assetcatalog; path = Images.xcassets; sourceTree = "<group>"; };
		7810E3D719DD39FC0063F62C /* Base */ = {isa = PBXFileReference; lastKnownFileType = file.xib; name = Base; path = Base.lproj/LaunchScreen.xib; sourceTree = "<group>"; };
		7810E3DD19DD39FC0063F62C /* HelloSwiftTests.xctest */ = {isa = PBXFileReference; explicitFileType = wrapper.cfbundle; includeInIndex = 0; path = HelloSwiftTests.xctest; sourceTree = BUILT_PRODUCTS_DIR; };
		7810E3E219DD39FC0063F62C /* Info.plist */ = {isa = PBXFileReference; lastKnownFileType = text.plist.xml; path = Info.plist; sourceTree = "<group>"; };
		7810E3E319DD39FC0063F62C /* HelloSwiftTests.swift */ = {isa = PBXFileReference; lastKnownFileType = sourcecode.swift; path = HelloSwiftTests.swift; sourceTree = "<group>"; };
/* End PBXFileReference section */

/* Begin PBXFrameworksBuildPhase section */
		7810E3C519DD39FC0063F62C /* Frameworks */ = {
			isa = PBXFrameworksBuildPhase;
			buildActionMask = 2147483647;
			files = (
			);
			runOnlyForDeploymentPostprocessing = 0;
		};
		7810E3DA19DD39FC0063F62C /* Frameworks */ = {
			isa = PBXFrameworksBuildPhase;
			buildActionMask = 2147483647;
			files = (
			);
			runOnlyForDeploymentPostprocessing = 0;
		};
/* End PBXFrameworksBuildPhase section */

/* Begin PBXGroup section */
		7810E3BF19DD39FB0063F62C = {
			isa = PBXGroup;
			children = (
				7810E3CA19DD39FC0063F62C /* HelloSwift */,
				7810E3E019DD39FC0063F62C /* HelloSwiftTests */,
				7810E3C919DD39FC0063F62C /* Products */,
			);
			sourceTree = "<group>";
		};
		7810E3C919DD39FC0063F62C /* Products */ = {
			isa = PBXGroup;
			children = (
				7810E3C819DD39FC0063F62C /* HelloSwift.app */,
				7810E3DD19DD39FC0063F62C /* HelloSwiftTests.xctest */,
			);
			name = Products;
			sourceTree = "<group>";
		};
		7810E3CA19DD39FC0063F62C /* HelloSwift */ = {
			isa = PBXGroup;
			children = (
				7810E3CD19DD39FC0063F62C /* AppDelegate.swift */,
				7810E3CF19DD39FC0063F62C /* ViewController.swift */,
				7810E3D119DD39FC0063F62C /* Main.storyboard */,
				7810E3D419DD39FC0063F62C /* Images.xcassets */,
				7810E3D619DD39FC0063F62C /* LaunchScreen.xib */,
				7810E3CB19DD39FC0063F62C /* Supporting Files */,
			);
			path = HelloSwift;
			sourceTree = "<group>";
		};
		7810E3CB19DD39FC0063F62C /* Supporting Files */ = {
			isa = PBXGroup;
			children = (
				7810E3CC19DD39FC0063F62C /* Info.plist */,
			);
			name = "Supporting Files";
			sourceTree = "<group>";
		};
		7810E3E019DD39FC0063F62C /* HelloSwiftTests */ = {
			isa = PBXGroup;
			children = (
				7810E3E319DD39FC0063F62C /* HelloSwiftTests.swift */,
				7810E3E119DD39FC0063F62C /* Supporting Files */,
			);
			path = HelloSwiftTests;
			sourceTree = "<group>";
		};
		7810E3E119DD39FC0063F62C /* Supporting Files */ = {
			isa = PBXGroup;
			children = (
				7810E3E219DD39FC0063F62C /* Info.plist */,
			);
			name = "Supporting Files";
			sourceTree = "<group>";
		};
/* End PBXGroup section */

/* Begin PBXNativeTarget section */
		7810E3C719DD39FC0063F62C /* HelloSwift */ = {
			isa = PBXNativeTarget;
			buildConfigurationList = 7810E3E719DD39FC0063F62C /* Build configuration list for PBXNativeTarget "HelloSwift" */;
			buildPhases = (
				7810E3C419DD39FC0063F62C /* Sources */,
				7810E3C519DD39FC0063F62C /* Frameworks */,
				7810E3C619DD39FC0063F62C /* Resources */,
			);
			buildRules = (
			);
			dependencies = (
			);
			name = HelloSwift;
			productName = HelloSwift;
			productReference = 7810E3C819DD39FC0063F62C /* HelloSwift.app */;
			productType = "com.apple.product-type.application";
		};
		7810E3DC19DD39FC0063F62C /* HelloSwiftTests */ = {
			isa = PBXNativeTarget;
			buildConfigurationList = 7810E3EA19DD39FC0063F62C /* Build configuration list for PBXNativeTarget "HelloSwiftTests" */;
			buildPhases = (
				7810E3D919DD39FC0063F62C /* Sources */,
				7810E3DA19DD39FC0063F62C /* Frameworks */,
				7810E3DB19DD39FC0063F62C /* Resources */,
			);
			buildRules = (
			);
			dependencies = (
				7810E3DF19DD39FC0063F62C /* PBXTargetDependency */,
			);
			name = HelloSwiftTests;
			productName = HelloSwiftTests;
			productReference = 7810E3DD19DD39FC0063F62C /* HelloSwiftTests.xctest */;
			productType = "com.apple.product-type.bundle.unit-test";
		};
/* End PBXNativeTarget section */

/* Begin PBXProject section */
		7810E3C019DD39FC0063F62C /* Project object */ = {
			isa = PBXProject;
			attributes = {
				LastUpgradeCheck = 0600;
				ORGANIZATIONNAME = yaming;
				TargetAttributes = {
					7810E3C719DD39FC0063F62C = {
						CreatedOnToolsVersion = 6.0.1;
					};
					7810E3DC19DD39FC0063F62C = {
						CreatedOnToolsVersion = 6.0.1;
						TestTargetID = 7810E3C719DD39FC0063F62C;
					};
				};
			};
			buildConfigurationList = 7810E3C319DD39FC0063F62C /* Build configuration list for PBXProject "HelloSwift" */;
			compatibilityVersion = "Xcode 3.2";
			developmentRegion = English;
			hasScannedForEncodings = 0;
			knownRegions = (
				en,
				Base,
			);
			mainGroup = 7810E3BF19DD39FB0063F62C;
			productRefGroup = 7810E3C919DD39FC0063F62C /* Products */;
			projectDirPath = "";
			projectRoot = "";
			targets = (
				7810E3C719DD39FC0063F62C /* HelloSwift */,
				7810E3DC19DD39FC0063F62C /* HelloSwiftTests */,
			);
		};
/* End PBXProject section */

/* Begin PBXResourcesBuildPhase section */
		7810E3C619DD39FC0063F62C /* Resources */ = {
			isa = PBXResourcesBuildPhase;
			buildActionMask = 2147483647;
			files = (
				7810E3D319DD39FC0063F62C /* Main.storyboard in Resources */,
				7810E3D819DD39FC0063F62C /* LaunchScreen.xib in Resources */,
				7810E3D519DD39FC0063F62C /* Images.xcassets in Resources */,
			);
			runOnlyForDeploymentPostprocessing = 0;
		};
		7810E3DB19DD39FC0063F62C /* Resources */ = {
			isa = PBXResourcesBuildPhase;
			buildActionMask = 2147483647;
			files = (
			);
			runOnlyForDeploymentPostprocessing = 0;
		};
/* End PBXResourcesBuildPhase section */

/* Begin PBXSourcesBuildPhase section */
		7810E3C419DD39FC0063F62C /* Sources */ = {
			isa = PBXSourcesBuildPhase;
			buildActionMask = 2147483647;
			files = (
				7810E3D019DD39FC0063F62C /* ViewController.swift in Sources */,
				7810E3CE19DD39FC0063F62C /* AppDelegate.swift in Sources */,
			);
			runOnlyForDeploymentPostprocessing = 0;
		};
		7810E3D919DD39FC0063F62C /* Sources */ = {
			isa = PBXSourcesBuildPhase;
			buildActionMask = 2147483647;
			files = (
				7810E3E419DD39FC0063F62C /* HelloSwiftTests.swift in Sources */,
			);
			runOnlyForDeploymentPostprocessing = 0;
		};
/* End PBXSourcesBuildPhase section */

/* Begin PBXTargetDependency section */
		7810E3DF19DD39FC0063F62C /* PBXTargetDependency */ = {
			isa = PBXTargetDependency;
			target = 7810E3C719DD39FC0063F62C /* HelloSwift */;
			targetProxy = 7810E3DE19DD39FC0063F62C /* PBXContainerItemProxy */;
		};
/* End PBXTargetDependency section */

/* Begin PBXVariantGroup section */
		7810E3D119DD39FC0063F62C /* Main.storyboard */ = {
			isa = PBXVariantGroup;
			children = (
				7810E3D219DD39FC0063F62C /* Base */,
			);
			name = Main.storyboard;
			sourceTree = "<group>";
		};
		7810E3D619DD39FC0063F62C /* LaunchScreen.xib */ = {
			isa = PBXVariantGroup;
			children = (
				7810E3D719DD39FC0063F62C /* Base */,
			);
			name = LaunchScreen.xib;
			sourceTree = "<group>";
		};
/* End PBXVariantGroup section */

/* Begin XCBuildConfiguration section */
		7810E3E519DD39FC0063F62C /* Debug */ = {
			isa = XCBuildConfiguration;
			buildSettings = {
				ALWAYS_SEARCH_USER_PATHS = NO;
				CLANG_CXX_LANGUAGE_STANDARD = "gnu++0x";
				CLANG_CXX_LIBRARY = "libc++";
				CLANG_ENABLE_MODULES = YES;
				CLANG_ENABLE_OBJC_ARC = YES;
				CLANG_WARN_BOOL_CONVERSION = YES;
				CLANG_WARN_CONSTANT_CONVERSION = YES;
				CLANG_WARN_DIRECT_OBJC_ISA_USAGE = YES_ERROR;
				CLANG_WARN_EMPTY_BODY = YES;
				CLANG_WARN_ENUM_CONVERSION = YES;
				CLANG_WARN_INT_CONVERSION = YES;
				CLANG_WARN_OBJC_ROOT_CLASS = YES_ERROR;
				CLANG_WARN_UNREACHABLE_CODE = YES;
				CLANG_WARN__DUPLICATE_METHOD_MATCH = YES;
				"CODE_SIGN_IDENTITY[sdk=iphoneos*]" = "iPhone Developer";
				COPY_PHASE_STRIP = NO;
				ENABLE_STRICT_OBJC_MSGSEND = YES;
				GCC_C_LANGUAGE_STANDARD = gnu99;
				GCC_DYNAMIC_NO_PIC = NO;
				GCC_OPTIMIZATION_LEVEL = 0;
				GCC_PREPROCESSOR_DEFINITIONS = (
					"DEBUG=1",
					"$(inherited)",
				);
				GCC_SYMBOLS_PRIVATE_EXTERN = NO;
				GCC_WARN_64_TO_32_BIT_CONVERSION = YES;
				GCC_WARN_ABOUT_RETURN_TYPE = YES_ERROR;
				GCC_WARN_UNDECLARED_SELECTOR = YES;
				GCC_WARN_UNINITIALIZED_AUTOS = YES_AGGRESSIVE;
				GCC_WARN_UNUSED_FUNCTION = YES;
				GCC_WARN_UNUSED_VARIABLE = YES;
				IPHONEOS_DEPLOYMENT_TARGET = 8.0;
				MTL_ENABLE_DEBUG_INFO = YES;
				ONLY_ACTIVE_ARCH = YES;
				SDKROOT = iphoneos;
				SWIFT_OPTIMIZATION_LEVEL = "-Onone";
				TARGETED_DEVICE_FAMILY = "1,2";
			};
			name = Debug;
		};
		7810E3E619DD39FC0063F62C /* Release */ = {
			isa = XCBuildConfiguration;
			buildSettings = {
				ALWAYS_SEARCH_USER_PATHS = NO;
				CLANG_CXX_LANGUAGE_STANDARD = "gnu++0x";
				CLANG_CXX_LIBRARY = "libc++";
				CLANG_ENABLE_MODULES = YES;
				CLANG_ENABLE_OBJC_ARC = YES;
				CLANG_WARN_BOOL_CONVERSION = YES;
				CLANG_WARN_CONSTANT_CONVERSION = YES;
				CLANG_WARN_DIRECT_OBJC_ISA_USAGE = YES_ERROR;
				CLANG_WARN_EMPTY_BODY = YES;
				CLANG_WARN_ENUM_CONVERSION = YES;
				CLANG_WARN_INT_CONVERSION = YES;
				CLANG_WARN_OBJC_ROOT_CLASS = YES_ERROR;
				CLANG_WARN_UNREACHABLE_CODE = YES;
				CLANG_WARN__DUPLICATE_METHOD_MATCH = YES;
				"CODE_SIGN_IDENTITY[sdk=iphoneos*]" = "iPhone Developer";
				COPY_PHASE_STRIP = YES;
				ENABLE_NS_ASSERTIONS = NO;
				ENABLE_STRICT_OBJC_MSGSEND = YES;
				GCC_C_LANGUAGE_STANDARD = gnu99;
				GCC_WARN_64_TO_32_BIT_CONVERSION = YES;
				GCC_WARN_ABOUT_RETURN_TYPE = YES_ERROR;
				GCC_WARN_UNDECLARED_SELECTOR = YES;
				GCC_WARN_UNINITIALIZED_AUTOS = YES_AGGRESSIVE;
				GCC_WARN_UNUSED_FUNCTION = YES;
				GCC_WARN_UNUSED_VARIABLE = YES;
				IPHONEOS_DEPLOYMENT_TARGET = 8.0;
				MTL_ENABLE_DEBUG_INFO = NO;
				SDKROOT = iphoneos;
				TARGETED_DEVICE_FAMILY = "1,2";
				VALIDATE_PRODUCT = YES;
			};
			name = Release;
		};
		7810E3E819DD39FC0063F62C /* Debug */ = {
			isa = XCBuildConfiguration;
			buildSettings = {
				ASSETCATALOG_COMPILER_APPICON_NAME = AppIcon;
				INFOPLIST_FILE = HelloSwift/Info.plist;
				LD_RUNPATH_SEARCH_PATHS = "$(inherited) @executable_path/Frameworks";
				PRODUCT_NAME = "$(TARGET_NAME)";
			};
			name = Debug;
		};
		7810E3E919DD39FC0063F62C /* Release */ = {
			isa = XCBuildConfiguration;
			buildSettings = {
				ASSETCATALOG_COMPILER_APPICON_NAME = AppIcon;
				INFOPLIST_FILE = HelloSwift/Info.plist;
				LD_RUNPATH_SEARCH_PATHS = "$(inherited) @executable_path/Frameworks";
				PRODUCT_NAME = "$(TARGET_NAME)";
			};
			name = Release;
		};
		7810E3EB19DD39FC0063F62C /* Debug */ = {
			isa = XCBuildConfiguration;
			buildSettings = {
				BUNDLE_LOADER = "$(TEST_HOST)";
				FRAMEWORK_SEARCH_PATHS = (
					"$(SDKROOT)/Developer/Library/Frameworks",
					"$(inherited)",
				);
				GCC_PREPROCESSOR_DEFINITIONS = (
					"DEBUG=1",
					"$(inherited)",
				);
				INFOPLIST_FILE = HelloSwiftTests/Info.plist;
				LD_RUNPATH_SEARCH_PATHS = "$(inherited) @executable_path/Frameworks @loader_path/Frameworks";
				PRODUCT_NAME = "$(TARGET_NAME)";
				TEST_HOST = "$(BUILT_PRODUCTS_DIR)/HelloSwift.app/HelloSwift";
			};
			name = Debug;
		};
		7810E3EC19DD39FC0063F62C /* Release */ = {
			isa = XCBuildConfiguration;
			buildSettings = {
				BUNDLE_LOADER = "$(TEST_HOST)";
				FRAMEWORK_SEARCH_PATHS = (
					"$(SDKROOT)/Developer/Library/Frameworks",
					"$(inherited)",
				);
				INFOPLIST_FILE = HelloSwiftTests/Info.plist;
				LD_RUNPATH_SEARCH_PATHS = "$(inherited) @executable_path/Frameworks @loader_path/Frameworks";
				PRODUCT_NAME = "$(TARGET_NAME)";
				TEST_HOST = "$(BUILT_PRODUCTS_DIR)/HelloSwift.app/HelloSwift";
			};
			name = Release;
		};
/* End XCBuildConfiguration section */

/* Begin XCConfigurationList section */
		7810E3C319DD39FC0063F62C /* Build configuration list for PBXProject "HelloSwift" */ = {
			isa = XCConfigurationList;
			buildConfigurations = (
				7810E3E519DD39FC0063F62C /* Debug */,
				7810E3E619DD39FC0063F62C /* Release */,
			);
			defaultConfigurationIsVisible = 0;
			defaultConfigurationName = Release;
		};
		7810E3E719DD39FC0063F62C /* Build configuration list for PBXNativeTarget "HelloSwift" */ = {
			isa = XCConfigurationList;
			buildConfigurations = (
				7810E3E819DD39FC0063F62C /* Debug */,
				7810E3E919DD39FC0063F62C /* Release */,
			);
			defaultConfigurationIsVisible = 0;
		};
		7810E3EA19DD39FC0063F62C /* Build configuration list for PBXNativeTarget "HelloSwiftTests" */ = {
			isa = XCConfigurationList;
			buildConfigurations = (
				7810E3EB19DD39FC0063F62C /* Debug */,
				7810E3EC19DD39FC0063F62C /* Release */,
			);
			defaultConfigurationIsVisible = 0;
		};
/* End XCConfigurationList section */
	};
	rootObject = 7810E3C019DD39FC0063F62C /* Project object */;
}
